
Microsoft Visual Studio Solution File, Format Version 12.00
# Visual Studio Version 17
VisualStudioVersion = 17.13.35818.85 d17.13
MinimumVisualStudioVersion = 10.0.40219.1
Project("{FAE04EC0-301F-11D3-BF4B-00C04F79EFBC}") = "ModelLayer", "ModelLayer\ModelLayer.csproj", "{D6A0713E-71DA-4B67-A8C9-AC207DD9C0DA}"
EndProject
Project("{FAE04EC0-301F-11D3-BF4B-00C04F79EFBC}") = "InfrastructorLayer", "InfrastructorLayer\InfrastructorLayer.csproj", "{476D1B34-A989-49E6-A76C-C05DEC178A95}"
EndProject
Global
	GlobalSection(SolutionConfigurationPlatforms) = preSolution
		Debug|Any CPU = Debug|Any CPU
		Release|Any CPU = Release|Any CPU
	EndGlobalSection
	GlobalSection(ProjectConfigurationPlatforms) = postSolution
		{D6A0713E-71DA-4B67-A8C9-AC207DD9C0DA}.Debug|Any CPU.ActiveCfg = Debug|Any CPU
		{D6A0713E-71DA-4B67-A8C9-AC207DD9C0DA}.Debug|Any CPU.Build.0 = Debug|Any CPU
		{D6A0713E-71DA-4B67-A8C9-AC207DD9C0DA}.Release|Any CPU.ActiveCfg = Release|Any CPU
		{D6A0713E-71DA-4B67-A8C9-AC207DD9C0DA}.Release|Any CPU.Build.0 = Release|Any CPU
		{476D1B34-A989-49E6-A76C-C05DEC178A95}.Debug|Any CPU.ActiveCfg = Debug|Any CPU
		{476D1B34-A989-49E6-A76C-C05DEC178A95}.Debug|Any CPU.Build.0 = Debug|Any CPU
		{476D1B34-A989-49E6-A76C-C05DEC178A95}.Release|Any CPU.ActiveCfg = Release|Any CPU
		{476D1B34-A989-49E6-A76C-C05DEC178A95}.Release|Any CPU.Build.0 = Release|Any CPU
	EndGlobalSection
	GlobalSection(SolutionProperties) = preSolution
		HideSolutionNode = FALSE
	EndGlobalSection
	GlobalSection(ExtensibilityGlobals) = postSolution
		SolutionGuid = {A19EA772-AC16-463B-8CD4-964FB2B593EF}
	EndGlobalSection
EndGlobal
